// !$*UTF8*$!
{
	archiveVersion = 1;
	classes = {
	};
	objectVersion = 46;
	objects = {

/* Begin PBXBuildFile section */
		1D301532C0855700CBBE5A80 /* Pods_MatImms.framework in Frameworks */ = {isa = PBXBuildFile; fileRef = 474C940C954CC0CE8AC874E9 /* Pods_MatImms.framework */; };
		3814BA5F1F72BFC100638DC1 /* AppDelegate.swift in Sources */ = {isa = PBXBuildFile; fileRef = 3814BA5E1F72BFC100638DC1 /* AppDelegate.swift */; };
		3814BA611F72BFC100638DC1 /* ViewController.swift in Sources */ = {isa = PBXBuildFile; fileRef = 3814BA601F72BFC100638DC1 /* ViewController.swift */; };
		3814BA641F72BFC100638DC1 /* Main.storyboard in Resources */ = {isa = PBXBuildFile; fileRef = 3814BA621F72BFC100638DC1 /* Main.storyboard */; };
		3814BA661F72BFC100638DC1 /* Assets.xcassets in Resources */ = {isa = PBXBuildFile; fileRef = 3814BA651F72BFC100638DC1 /* Assets.xcassets */; };
		3814BA691F72BFC100638DC1 /* LaunchScreen.storyboard in Resources */ = {isa = PBXBuildFile; fileRef = 3814BA671F72BFC100638DC1 /* LaunchScreen.storyboard */; };
		3814BA741F72C0B500638DC1 /* GDataXMLNode.m in Sources */ = {isa = PBXBuildFile; fileRef = 3814BA731F72C0B500638DC1 /* GDataXMLNode.m */; settings = {COMPILER_FLAGS = "-fno-objc-arc"; }; };
		3814BA7E1F72C1E700638DC1 /* XMLFuncs.swift in Sources */ = {isa = PBXBuildFile; fileRef = 3814BA7D1F72C1E700638DC1 /* XMLFuncs.swift */; };
		38321E181F72C722006D108B /* libxml2.tbd in Frameworks */ = {isa = PBXBuildFile; fileRef = 38321E171F72C722006D108B /* libxml2.tbd */; };
/* End PBXBuildFile section */

/* Begin PBXFileReference section */
		3814BA5B1F72BFC100638DC1 /* MatImms.app */ = {isa = PBXFileReference; explicitFileType = wrapper.application; includeInIndex = 0; path = MatImms.app; sourceTree = BUILT_PRODUCTS_DIR; };
		3814BA5E1F72BFC100638DC1 /* AppDelegate.swift */ = {isa = PBXFileReference; lastKnownFileType = sourcecode.swift; path = AppDelegate.swift; sourceTree = "<group>"; };
		3814BA601F72BFC100638DC1 /* ViewController.swift */ = {isa = PBXFileReference; lastKnownFileType = sourcecode.swift; path = ViewController.swift; sourceTree = "<group>"; };
		3814BA631F72BFC100638DC1 /* Base */ = {isa = PBXFileReference; lastKnownFileType = file.storyboard; name = Base; path = Base.lproj/Main.storyboard; sourceTree = "<group>"; };
		3814BA651F72BFC100638DC1 /* Assets.xcassets */ = {isa = PBXFileReference; lastKnownFileType = folder.assetcatalog; path = Assets.xcassets; sourceTree = "<group>"; };
		3814BA681F72BFC100638DC1 /* Base */ = {isa = PBXFileReference; lastKnownFileType = file.storyboard; name = Base; path = Base.lproj/LaunchScreen.storyboard; sourceTree = "<group>"; };
		3814BA6A1F72BFC100638DC1 /* Info.plist */ = {isa = PBXFileReference; lastKnownFileType = text.plist.xml; path = Info.plist; sourceTree = "<group>"; };
		3814BA711F72C0A900638DC1 /* GDataXMLNode.h */ = {isa = PBXFileReference; lastKnownFileType = sourcecode.c.h; path = GDataXMLNode.h; sourceTree = "<group>"; };
		3814BA721F72C0B400638DC1 /* MatImms-Bridging-Header.h */ = {isa = PBXFileReference; lastKnownFileType = sourcecode.c.h; path = "MatImms-Bridging-Header.h"; sourceTree = "<group>"; };
		3814BA731F72C0B500638DC1 /* GDataXMLNode.m */ = {isa = PBXFileReference; fileEncoding = 4; lastKnownFileType = sourcecode.c.objc; path = GDataXMLNode.m; sourceTree = "<group>"; };
		3814BA7D1F72C1E700638DC1 /* XMLFuncs.swift */ = {isa = PBXFileReference; fileEncoding = 4; lastKnownFileType = sourcecode.swift; path = XMLFuncs.swift; sourceTree = "<group>"; };
		38321E171F72C722006D108B /* libxml2.tbd */ = {isa = PBXFileReference; lastKnownFileType = "sourcecode.text-based-dylib-definition"; name = libxml2.tbd; path = usr/lib/libxml2.tbd; sourceTree = SDKROOT; };
		474C940C954CC0CE8AC874E9 /* Pods_MatImms.framework */ = {isa = PBXFileReference; explicitFileType = wrapper.framework; includeInIndex = 0; path = Pods_MatImms.framework; sourceTree = BUILT_PRODUCTS_DIR; };
		BE95CFDFDF1F933EB46CE211 /* Pods-MatImms.release.xcconfig */ = {isa = PBXFileReference; includeInIndex = 1; lastKnownFileType = text.xcconfig; name = "Pods-MatImms.release.xcconfig"; path = "Pods/Target Support Files/Pods-MatImms/Pods-MatImms.release.xcconfig"; sourceTree = "<group>"; };
		DC51113F7B6DF268D1093EDA /* Pods-MatImms.debug.xcconfig */ = {isa = PBXFileReference; includeInIndex = 1; lastKnownFileType = text.xcconfig; name = "Pods-MatImms.debug.xcconfig"; path = "Pods/Target Support Files/Pods-MatImms/Pods-MatImms.debug.xcconfig"; sourceTree = "<group>"; };
/* End PBXFileReference section */

/* Begin PBXFrameworksBuildPhase section */
		3814BA581F72BFC100638DC1 /* Frameworks */ = {
			isa = PBXFrameworksBuildPhase;
			buildActionMask = 2147483647;
			files = (
				38321E181F72C722006D108B /* libxml2.tbd in Frameworks */,
				1D301532C0855700CBBE5A80 /* Pods_MatImms.framework in Frameworks */,
			);
			runOnlyForDeploymentPostprocessing = 0;
		};
/* End PBXFrameworksBuildPhase section */

/* Begin PBXGroup section */
		3814BA521F72BFC100638DC1 = {
			isa = PBXGroup;
			children = (
				3814BA5D1F72BFC100638DC1 /* MatImms */,
				3814BA5C1F72BFC100638DC1 /* Products */,
				C66AAA48AC2ECC820565F914 /* Pods */,
				539DF8F39211984626BBEB7D /* Frameworks */,
			);
			sourceTree = "<group>";
		};
		3814BA5C1F72BFC100638DC1 /* Products */ = {
			isa = PBXGroup;
			children = (
				3814BA5B1F72BFC100638DC1 /* MatImms.app */,
			);
			name = Products;
			sourceTree = "<group>";
		};
		3814BA5D1F72BFC100638DC1 /* MatImms */ = {
			isa = PBXGroup;
			children = (
				3814BA5E1F72BFC100638DC1 /* AppDelegate.swift */,
				3814BA601F72BFC100638DC1 /* ViewController.swift */,
				3814BA621F72BFC100638DC1 /* Main.storyboard */,
				3814BA651F72BFC100638DC1 /* Assets.xcassets */,
				3814BA671F72BFC100638DC1 /* LaunchScreen.storyboard */,
				3814BA6A1F72BFC100638DC1 /* Info.plist */,
				3814BA701F72C08C00638DC1 /* GDataXML */,
			);
			path = MatImms;
			sourceTree = "<group>";
		};
		3814BA701F72C08C00638DC1 /* GDataXML */ = {
			isa = PBXGroup;
			children = (
				3814BA711F72C0A900638DC1 /* GDataXMLNode.h */,
				3814BA731F72C0B500638DC1 /* GDataXMLNode.m */,
				3814BA721F72C0B400638DC1 /* MatImms-Bridging-Header.h */,
				3814BA7D1F72C1E700638DC1 /* XMLFuncs.swift */,
			);
			name = GDataXML;
			sourceTree = "<group>";
		};
		539DF8F39211984626BBEB7D /* Frameworks */ = {
			isa = PBXGroup;
			children = (
				38321E171F72C722006D108B /* libxml2.tbd */,
				474C940C954CC0CE8AC874E9 /* Pods_MatImms.framework */,
			);
			name = Frameworks;
			sourceTree = "<group>";
		};
		C66AAA48AC2ECC820565F914 /* Pods */ = {
			isa = PBXGroup;
			children = (
				DC51113F7B6DF268D1093EDA /* Pods-MatImms.debug.xcconfig */,
				BE95CFDFDF1F933EB46CE211 /* Pods-MatImms.release.xcconfig */,
			);
			name = Pods;
			sourceTree = "<group>";
		};
/* End PBXGroup section */

/* Begin PBXNativeTarget section */
		3814BA5A1F72BFC100638DC1 /* MatImms */ = {
			isa = PBXNativeTarget;
			buildConfigurationList = 3814BA6D1F72BFC100638DC1 /* Build configuration list for PBXNativeTarget "MatImms" */;
			buildPhases = (
				E6988A65A56806E85A5C9DA7 /* [CP] Check Pods Manifest.lock */,
				3814BA571F72BFC100638DC1 /* Sources */,
				3814BA581F72BFC100638DC1 /* Frameworks */,
				3814BA591F72BFC100638DC1 /* Resources */,
				7FCFEB2C4D4E391C23B1FAA0 /* [CP] Embed Pods Frameworks */,
				BD9C070DB0BD902C73BA0647 /* [CP] Copy Pods Resources */,
			);
			buildRules = (
			);
			dependencies = (
			);
			name = MatImms;
			productName = MatImms;
			productReference = 3814BA5B1F72BFC100638DC1 /* MatImms.app */;
			productType = "com.apple.product-type.application";
		};
/* End PBXNativeTarget section */

/* Begin PBXProject section */
		3814BA531F72BFC100638DC1 /* Project object */ = {
			isa = PBXProject;
			attributes = {
				LastSwiftUpdateCheck = 0830;
				LastUpgradeCheck = 0900;
				ORGANIZATIONNAME = "Digital Stitch";
				TargetAttributes = {
					3814BA5A1F72BFC100638DC1 = {
						CreatedOnToolsVersion = 8.3.3;
						DevelopmentTeam = 2WSGKRMNNT;
						LastSwiftMigration = 0830;
						ProvisioningStyle = Automatic;
					};
				};
			};
			buildConfigurationList = 3814BA561F72BFC100638DC1 /* Build configuration list for PBXProject "MatImms" */;
			compatibilityVersion = "Xcode 3.2";
			developmentRegion = English;
			hasScannedForEncodings = 0;
			knownRegions = (
				en,
				Base,
			);
			mainGroup = 3814BA521F72BFC100638DC1;
			productRefGroup = 3814BA5C1F72BFC100638DC1 /* Products */;
			projectDirPath = "";
			projectRoot = "";
			targets = (
				3814BA5A1F72BFC100638DC1 /* MatImms */,
			);
		};
/* End PBXProject section */

/* Begin PBXResourcesBuildPhase section */
		3814BA591F72BFC100638DC1 /* Resources */ = {
			isa = PBXResourcesBuildPhase;
			buildActionMask = 2147483647;
			files = (
				3814BA691F72BFC100638DC1 /* LaunchScreen.storyboard in Resources */,
				3814BA661F72BFC100638DC1 /* Assets.xcassets in Resources */,
				3814BA641F72BFC100638DC1 /* Main.storyboard in Resources */,
			);
			runOnlyForDeploymentPostprocessing = 0;
		};
/* End PBXResourcesBuildPhase section */

/* Begin PBXShellScriptBuildPhase section */
		7FCFEB2C4D4E391C23B1FAA0 /* [CP] Embed Pods Frameworks */ = {
			isa = PBXShellScriptBuildPhase;
			buildActionMask = 2147483647;
			files = (
			);
			inputPaths = (
			);
			name = "[CP] Embed Pods Frameworks";
			outputPaths = (
			);
			runOnlyForDeploymentPostprocessing = 0;
			shellPath = /bin/sh;
			shellScript = "\"${SRCROOT}/Pods/Target Support Files/Pods-MatImms/Pods-MatImms-frameworks.sh\"\n";
			showEnvVarsInLog = 0;
		};
		BD9C070DB0BD902C73BA0647 /* [CP] Copy Pods Resources */ = {
			isa = PBXShellScriptBuildPhase;
			buildActionMask = 2147483647;
			files = (
			);
			inputPaths = (
			);
			name = "[CP] Copy Pods Resources";
			outputPaths = (
			);
			runOnlyForDeploymentPostprocessing = 0;
			shellPath = /bin/sh;
			shellScript = "\"${SRCROOT}/Pods/Target Support Files/Pods-MatImms/Pods-MatImms-resources.sh\"\n";
			showEnvVarsInLog = 0;
		};
		E6988A65A56806E85A5C9DA7 /* [CP] Check Pods Manifest.lock */ = {
			isa = PBXShellScriptBuildPhase;
			buildActionMask = 2147483647;
			files = (
			);
			inputPaths = (
			);
			name = "[CP] Check Pods Manifest.lock";
			outputPaths = (
			);
			runOnlyForDeploymentPostprocessing = 0;
			shellPath = /bin/sh;
			shellScript = "diff \"${PODS_ROOT}/../Podfile.lock\" \"${PODS_ROOT}/Manifest.lock\" > /dev/null\nif [ $? != 0 ] ; then\n    # print error to STDERR\n    echo \"error: The sandbox is not in sync with the Podfile.lock. Run 'pod install' or update your CocoaPods installation.\" >&2\n    exit 1\nfi\n";
			showEnvVarsInLog = 0;
		};
/* End PBXShellScriptBuildPhase section */

/* Begin PBXSourcesBuildPhase section */
		3814BA571F72BFC100638DC1 /* Sources */ = {
			isa = PBXSourcesBuildPhase;
			buildActionMask = 2147483647;
			files = (
				3814BA611F72BFC100638DC1 /* ViewController.swift in Sources */,
				3814BA7E1F72C1E700638DC1 /* XMLFuncs.swift in Sources */,
				3814BA5F1F72BFC100638DC1 /* AppDelegate.swift in Sources */,
				3814BA741F72C0B500638DC1 /* GDataXMLNode.m in Sources */,
			);
			runOnlyForDeploymentPostprocessing = 0;
		};
/* End PBXSourcesBuildPhase section */

/* Begin PBXVariantGroup section */
		3814BA621F72BFC100638DC1 /* Main.storyboard */ = {
			isa = PBXVariantGroup;
			children = (
				3814BA631F72BFC100638DC1 /* Base */,
			);
			name = Main.storyboard;
			sourceTree = "<group>";
		};
		3814BA671F72BFC100638DC1 /* LaunchScreen.storyboard */ = {
			isa = PBXVariantGroup;
			children = (
				3814BA681F72BFC100638DC1 /* Base */,
			);
			name = LaunchScreen.storyboard;
			sourceTree = "<group>";
		};
/* End PBXVariantGroup section */

/* Begin XCBuildConfiguration section */
		3814BA6B1F72BFC100638DC1 /* Debug */ = {
			isa = XCBuildConfiguration;
			buildSettings = {
				ALWAYS_SEARCH_USER_PATHS = NO;
				CLANG_ANALYZER_NONNULL = YES;
				CLANG_ANALYZER_NUMBER_OBJECT_CONVERSION = YES_AGGRESSIVE;
				CLANG_CXX_LANGUAGE_STANDARD = "gnu++0x";
				CLANG_CXX_LIBRARY = "libc++";
				CLANG_ENABLE_MODULES = YES;
				CLANG_ENABLE_OBJC_ARC = YES;
				CLANG_WARN_BLOCK_CAPTURE_AUTORELEASING = YES;
				CLANG_WARN_BOOL_CONVERSION = YES;
				CLANG_WARN_COMMA = YES;
				CLANG_WARN_CONSTANT_CONVERSION = YES;
				CLANG_WARN_DIRECT_OBJC_ISA_USAGE = YES_ERROR;
				CLANG_WARN_DOCUMENTATION_COMMENTS = YES;
				CLANG_WARN_EMPTY_BODY = YES;
				CLANG_WARN_ENUM_CONVERSION = YES;
				CLANG_WARN_INFINITE_RECURSION = YES;
				CLANG_WARN_INT_CONVERSION = YES;
				CLANG_WARN_NON_LITERAL_NULL_CONVERSION = YES;
				CLANG_WARN_OBJC_LITERAL_CONVERSION = YES;
				CLANG_WARN_OBJC_ROOT_CLASS = YES_ERROR;
				CLANG_WARN_RANGE_LOOP_ANALYSIS = YES;
				CLANG_WARN_STRICT_PROTOTYPES = YES;
				CLANG_WARN_SUSPICIOUS_MOVE = YES;
				CLANG_WARN_UNREACHABLE_CODE = YES;
				CLANG_WARN__DUPLICATE_METHOD_MATCH = YES;
				"CODE_SIGN_IDENTITY[sdk=iphoneos*]" = "iPhone Developer";
				COPY_PHASE_STRIP = NO;
				DEBUG_INFORMATION_FORMAT = dwarf;
				ENABLE_STRICT_OBJC_MSGSEND = YES;
				ENABLE_TESTABILITY = YES;
				GCC_C_LANGUAGE_STANDARD = gnu99;
				GCC_DYNAMIC_NO_PIC = NO;
				GCC_NO_COMMON_BLOCKS = YES;
				GCC_OPTIMIZATION_LEVEL = 0;
				GCC_PREPROCESSOR_DEFINITIONS = (
					"DEBUG=1",
					"$(inherited)",
				);
				GCC_WARN_64_TO_32_BIT_CONVERSION = YES;
				GCC_WARN_ABOUT_RETURN_TYPE = YES_ERROR;
				GCC_WARN_UNDECLARED_SELECTOR = YES;
				GCC_WARN_UNINITIALIZED_AUTOS = YES_AGGRESSIVE;
				GCC_WARN_UNUSED_FUNCTION = YES;
				GCC_WARN_UNUSED_VARIABLE = YES;
				IPHONEOS_DEPLOYMENT_TARGET = 10.3;
				MTL_ENABLE_DEBUG_INFO = YES;
				ONLY_ACTIVE_ARCH = YES;
				SDKROOT = iphoneos;
				SWIFT_ACTIVE_COMPILATION_CONDITIONS = DEBUG;
				SWIFT_OPTIMIZATION_LEVEL = "-Onone";
				TARGETED_DEVICE_FAMILY = "1,2";
			};
			name = Debug;
		};
		3814BA6C1F72BFC100638DC1 /* Release */ = {
			isa = XCBuildConfiguration;
			buildSettings = {
				ALWAYS_SEARCH_USER_PATHS = NO;
				CLANG_ANALYZER_NONNULL = YES;
				CLANG_ANALYZER_NUMBER_OBJECT_CONVERSION = YES_AGGRESSIVE;
				CLANG_CXX_LANGUAGE_STANDARD = "gnu++0x";
				CLANG_CXX_LIBRARY = "libc++";
				CLANG_ENABLE_MODULES = YES;
				CLANG_ENABLE_OBJC_ARC = YES;
				CLANG_WARN_BLOCK_CAPTURE_AUTORELEASING = YES;
				CLANG_WARN_BOOL_CONVERSION = YES;
				CLANG_WARN_COMMA = YES;
				CLANG_WARN_CONSTANT_CONVERSION = YES;
				CLANG_WARN_DIRECT_OBJC_ISA_USAGE = YES_ERROR;
				CLANG_WARN_DOCUMENTATION_COMMENTS = YES;
				CLANG_WARN_EMPTY_BODY = YES;
				CLANG_WARN_ENUM_CONVERSION = YES;
				CLANG_WARN_INFINITE_RECURSION = YES;
				CLANG_WARN_INT_CONVERSION = YES;
				CLANG_WARN_NON_LITERAL_NULL_CONVERSION = YES;
				CLANG_WARN_OBJC_LITERAL_CONVERSION = YES;
				CLANG_WARN_OBJC_ROOT_CLASS = YES_ERROR;
				CLANG_WARN_RANGE_LOOP_ANALYSIS = YES;
				CLANG_WARN_STRICT_PROTOTYPES = YES;
				CLANG_WARN_SUSPICIOUS_MOVE = YES;
				CLANG_WARN_UNREACHABLE_CODE = YES;
				CLANG_WARN__DUPLICATE_METHOD_MATCH = YES;
				"CODE_SIGN_IDENTITY[sdk=iphoneos*]" = "iPhone Developer";
				COPY_PHASE_STRIP = NO;
				DEBUG_INFORMATION_FORMAT = "dwarf-with-dsym";
				ENABLE_NS_ASSERTIONS = NO;
				ENABLE_STRICT_OBJC_MSGSEND = YES;
				GCC_C_LANGUAGE_STANDARD = gnu99;
				GCC_NO_COMMON_BLOCKS = YES;
				GCC_WARN_64_TO_32_BIT_CONVERSION = YES;
				GCC_WARN_ABOUT_RETURN_TYPE = YES_ERROR;
				GCC_WARN_UNDECLARED_SELECTOR = YES;
				GCC_WARN_UNINITIALIZED_AUTOS = YES_AGGRESSIVE;
				GCC_WARN_UNUSED_FUNCTION = YES;
				GCC_WARN_UNUSED_VARIABLE = YES;
				IPHONEOS_DEPLOYMENT_TARGET = 10.3;
				MTL_ENABLE_DEBUG_INFO = NO;
				SDKROOT = iphoneos;
				SWIFT_OPTIMIZATION_LEVEL = "-Owholemodule";
				TARGETED_DEVICE_FAMILY = "1,2";
				VALIDATE_PRODUCT = YES;
			};
			name = Release;
		};
		3814BA6E1F72BFC100638DC1 /* Debug */ = {
			isa = XCBuildConfiguration;
			baseConfigurationReference = DC51113F7B6DF268D1093EDA /* Pods-MatImms.debug.xcconfig */;
			buildSettings = {
				ALWAYS_SEARCH_USER_PATHS = YES;
				ASSETCATALOG_COMPILER_APPICON_NAME = AppIcon;
				CLANG_ENABLE_MODULES = YES;
				DEVELOPMENT_TEAM = 2WSGKRMNNT;
				INFOPLIST_FILE = MatImms/Info.plist;
				LD_RUNPATH_SEARCH_PATHS = "$(inherited) @executable_path/Frameworks";
				PRODUCT_BUNDLE_IDENTIFIER = uk.ac.imperial.health.MatImms;
				PRODUCT_NAME = "$(TARGET_NAME)";
				SWIFT_OBJC_BRIDGING_HEADER = "MatImms/MatImms-Bridging-Header.h";
				SWIFT_OPTIMIZATION_LEVEL = "-Onone";
				SWIFT_VERSION = 3.0;
				USER_HEADER_SEARCH_PATHS = "$(SDKROOT)/usr/include/libxml2";
			};
			name = Debug;
		};
		3814BA6F1F72BFC100638DC1 /* Release */ = {
			isa = XCBuildConfiguration;
			baseConfigurationReference = BE95CFDFDF1F933EB46CE211 /* Pods-MatImms.release.xcconfig */;
			buildSettings = {
				ALWAYS_SEARCH_USER_PATHS = YES;
				ASSETCATALOG_COMPILER_APPICON_NAME = AppIcon;
				CLANG_ENABLE_MODULES = YES;
				DEVELOPMENT_TEAM = 2WSGKRMNNT;
				INFOPLIST_FILE = MatImms/Info.plist;
				LD_RUNPATH_SEARCH_PATHS = "$(inherited) @executable_path/Frameworks";
				PRODUCT_BUNDLE_IDENTIFIER = uk.ac.imperial.health.MatImms;
				PRODUCT_NAME = "$(TARGET_NAME)";
				SWIFT_OBJC_BRIDGING_HEADER = "MatImms/MatImms-Bridging-Header.h";
				SWIFT_VERSION = 3.0;
				USER_HEADER_SEARCH_PATHS = "$(SDKROOT)/usr/include/libxml2";
			};
			name = Release;
		};
/* End XCBuildConfiguration section */

/* Begin XCConfigurationList section */
		3814BA561F72BFC100638DC1 /* Build configuration list for PBXProject "MatImms" */ = {
			isa = XCConfigurationList;
			buildConfigurations = (
				3814BA6B1F72BFC100638DC1 /* Debug */,
				3814BA6C1F72BFC100638DC1 /* Release */,
			);
			defaultConfigurationIsVisible = 0;
			defaultConfigurationName = Release;
		};
		3814BA6D1F72BFC100638DC1 /* Build configuration list for PBXNativeTarget "MatImms" */ = {
			isa = XCConfigurationList;
			buildConfigurations = (
				3814BA6E1F72BFC100638DC1 /* Debug */,
				3814BA6F1F72BFC100638DC1 /* Release */,
			);
			defaultConfigurationIsVisible = 0;
			defaultConfigurationName = Release;
		};
/* End XCConfigurationList section */
	};
	rootObject = 3814BA531F72BFC100638DC1 /* Project object */;
}
